
Microsoft Visual Studio Solution File, Format Version 12.00
# Visual Studio Version 16
VisualStudioVersion = 16.0.29123.88
MinimumVisualStudioVersion = 10.0.40219.1
Project("{2150E333-8FDC-42A3-9474-1A3956D46DE8}") = "Solution Items", "Solution Items", "{AFB6C2FD-4020-44AF-83CA-D07E30294C1F}"
EndProject
Project("{9A19103F-16F7-4668-BE54-9A1E7A4F7556}") = "TestFrameworks", "TestFrameworks\TestFrameworks.csproj", "{FCDAA2C4-759E-4B76-B70D-2F6B3B735BB2}"
EndProject
Project("{9A19103F-16F7-4668-BE54-9A1E7A4F7556}") = "TestFrameworks.Nunit", "TestFrameworks.Nunit\TestFrameworks.Nunit.csproj", "{FDE714DA-411F-477F-A622-A57324C1BCB0}"
EndProject
Project("{9A19103F-16F7-4668-BE54-9A1E7A4F7556}") = "TestFrameworks.Xunit", "TestFrameworks.Xunit\TestFrameworks.Xunit.csproj", "{41389150-3060-4D4D-8C3C-5F4E3026DA1C}"
EndProject
Global
	GlobalSection(SolutionConfigurationPlatforms) = preSolution
		Debug|Any CPU = Debug|Any CPU
		Release|Any CPU = Release|Any CPU
	EndGlobalSection
	GlobalSection(ProjectConfigurationPlatforms) = postSolution
		{FCDAA2C4-759E-4B76-B70D-2F6B3B735BB2}.Debug|Any CPU.ActiveCfg = Debug|Any CPU
		{FCDAA2C4-759E-4B76-B70D-2F6B3B735BB2}.Debug|Any CPU.Build.0 = Debug|Any CPU
		{FCDAA2C4-759E-4B76-B70D-2F6B3B735BB2}.Release|Any CPU.ActiveCfg = Release|Any CPU
		{FCDAA2C4-759E-4B76-B70D-2F6B3B735BB2}.Release|Any CPU.Build.0 = Release|Any CPU
		{FDE714DA-411F-477F-A622-A57324C1BCB0}.Debug|Any CPU.ActiveCfg = Debug|Any CPU
		{FDE714DA-411F-477F-A622-A57324C1BCB0}.Debug|Any CPU.Build.0 = Debug|Any CPU
		{FDE714DA-411F-477F-A622-A57324C1BCB0}.Release|Any CPU.ActiveCfg = Release|Any CPU
		{FDE714DA-411F-477F-A622-A57324C1BCB0}.Release|Any CPU.Build.0 = Release|Any CPU
		{41389150-3060-4D4D-8C3C-5F4E3026DA1C}.Debug|Any CPU.ActiveCfg = Debug|Any CPU
		{41389150-3060-4D4D-8C3C-5F4E3026DA1C}.Debug|Any CPU.Build.0 = Debug|Any CPU
		{41389150-3060-4D4D-8C3C-5F4E3026DA1C}.Release|Any CPU.ActiveCfg = Release|Any CPU
		{41389150-3060-4D4D-8C3C-5F4E3026DA1C}.Release|Any CPU.Build.0 = Release|Any CPU
	EndGlobalSection
	GlobalSection(SolutionProperties) = preSolution
		HideSolutionNode = FALSE
	EndGlobalSection
	GlobalSection(ExtensibilityGlobals) = postSolution
		SolutionGuid = {CA5F2A15-15CB-4F3A-946C-5F9E2CD7BEDF}
	EndGlobalSection
EndGlobal
