
Microsoft Visual Studio Solution File, Format Version 12.00
# Visual Studio Version 16
VisualStudioVersion = 16.0.29123.88
MinimumVisualStudioVersion = 10.0.40219.1
Project("{FAE04EC0-301F-11D3-BF4B-00C04F79EFBC}") = "CodeCoverage", "CodeCoverage\CodeCoverage.csproj", "{E5593DAE-50A5-4BB5-9178-749F45B61413}"
EndProject
Project("{FAE04EC0-301F-11D3-BF4B-00C04F79EFBC}") = "CodeCoverage.Tests", "CodeCoverage.Tests\CodeCoverage.Tests.csproj", "{62CC7BAB-9162-4831-A6F4-17AB404B1C8A}"
EndProject
Project("{2150E333-8FDC-42A3-9474-1A3956D46DE8}") = "Solution Items", "Solution Items", "{4AD12121-B0A0-49D7-93B1-D2AFB17E4726}"
	ProjectSection(SolutionItems) = preProject
		Runsettings.runsettings = Runsettings.runsettings
	EndProjectSection
EndProject
Global
	GlobalSection(SolutionConfigurationPlatforms) = preSolution
		Debug|Any CPU = Debug|Any CPU
		Release|Any CPU = Release|Any CPU
	EndGlobalSection
	GlobalSection(ProjectConfigurationPlatforms) = postSolution
		{E5593DAE-50A5-4BB5-9178-749F45B61413}.Debug|Any CPU.ActiveCfg = Debug|Any CPU
		{E5593DAE-50A5-4BB5-9178-749F45B61413}.Debug|Any CPU.Build.0 = Debug|Any CPU
		{E5593DAE-50A5-4BB5-9178-749F45B61413}.Release|Any CPU.ActiveCfg = Release|Any CPU
		{E5593DAE-50A5-4BB5-9178-749F45B61413}.Release|Any CPU.Build.0 = Release|Any CPU
		{62CC7BAB-9162-4831-A6F4-17AB404B1C8A}.Debug|Any CPU.ActiveCfg = Debug|Any CPU
		{62CC7BAB-9162-4831-A6F4-17AB404B1C8A}.Debug|Any CPU.Build.0 = Debug|Any CPU
		{62CC7BAB-9162-4831-A6F4-17AB404B1C8A}.Release|Any CPU.ActiveCfg = Release|Any CPU
		{62CC7BAB-9162-4831-A6F4-17AB404B1C8A}.Release|Any CPU.Build.0 = Release|Any CPU
	EndGlobalSection
	GlobalSection(SolutionProperties) = preSolution
		HideSolutionNode = FALSE
	EndGlobalSection
	GlobalSection(ExtensibilityGlobals) = postSolution
		SolutionGuid = {A8B31D09-86FB-43BA-9051-2DEDEF4E6B5C}
	EndGlobalSection
EndGlobal
